{
  "name": "swiftkind",
  "version": "2.0.0",
  "lockfileVersion": 1,
  "requires": true,
  "dependencies": {
    "animate.css": {
      "version": "3.6.1",
      "resolved": "https://registry.npmjs.org/animate.css/-/animate.css-3.6.1.tgz",
      "integrity": "sha512-xEIzzKyQvQSIldgrtC2d/qptAEQLVlMb6xQrjQ6HU6NyGhF7LAIivRZVmhSAg4EICRASNiS+A1G+wvAKTCoC7A=="
    },
    "bootstrap": {
      "version": "4.0.0",
      "resolved": "https://registry.npmjs.org/bootstrap/-/bootstrap-4.0.0.tgz",
      "integrity": "sha512-gulJE5dGFo6Q61V/whS6VM4WIyrlydXfCgkE+Gxe5hjrJ8rXLLZlALq7zq2RPhOc45PSwQpJkrTnc2KgD6cvmA=="
    },
    "dom7": {
      "version": "2.0.7",
      "resolved": "https://registry.npmjs.org/dom7/-/dom7-2.0.7.tgz",
      "integrity": "sha512-1M6HYWK1NZR3JyrRYy1JjFc0U+eB+OqzPjeAB05TlY87RDo1XJHS1NdUoNGPwDfZqKyCRTO4NkyCosUsyLiKGQ==",
      "requires": {
        "ssr-window": "1.0.0"
      }
    },
    "hover.css": {
      "version": "2.3.2",
      "resolved": "https://registry.npmjs.org/hover.css/-/hover.css-2.3.2.tgz",
      "integrity": "sha1-8HGT2cdAnU45UTTTsiFbmetV4NM="
    },
    "ionicons": {
      "version": "2.0.1",
      "resolved": "https://registry.npmjs.org/ionicons/-/ionicons-2.0.1.tgz",
      "integrity": "sha1-yjmBEyk+qHAkT1OPCqu9S1sgmj4="
    },
    "jquery-slim": {
      "version": "3.0.0",
      "resolved": "https://registry.npmjs.org/jquery-slim/-/jquery-slim-3.0.0.tgz",
      "integrity": "sha1-h6svoQUBeY6TEkpLXrlTyFN5cH4="
    },
    "particlesjs": {
      "version": "2.2.2",
      "resolved": "https://registry.npmjs.org/particlesjs/-/particlesjs-2.2.2.tgz",
      "integrity": "sha512-mHd8FZq58WX26pbudJhy/IkscFtSj5epa01uAcHkdQ8/m0903QoitcbZzVbiqua1WP8TNenRx1QOsJ8kEwTqhA=="
    },
    "popper.js": {
      "version": "1.14.1",
      "resolved": "https://registry.npmjs.org/popper.js/-/popper.js-1.14.1.tgz",
      "integrity": "sha1-uIFeXNpvYvwgQuR2GGSfdYZuZ1M="
    },
    "skrollr": {
      "version": "0.6.26",
      "resolved": "https://registry.npmjs.org/skrollr/-/skrollr-0.6.26.tgz",
      "integrity": "sha1-ZdGq/MafxtJ+bP8PCGwlsxsgqxg="
    },
    "ssr-window": {
      "version": "1.0.0",
      "resolved": "https://registry.npmjs.org/ssr-window/-/ssr-window-1.0.0.tgz",
      "integrity": "sha512-WHFyFLegz/NOgwdlFTw93Wd4c/gQ5hkv6amtdK/K0atfZvr28vwfEV7MR3NtWek+gnpiSd/tKXHQVfQRtA6OJg=="
    },
    "swiper": {
      "version": "4.3.3",
      "resolved": "https://registry.npmjs.org/swiper/-/swiper-4.3.3.tgz",
      "integrity": "sha512-hLjeei+E2EioFUBI4XzqUDkvZu9d6TAOWVFbrCXSrOhY9bzgXYC28dfMRHOs8IgU5WAZ7bbMR8lF706TzKf9nw==",
      "requires": {
        "dom7": "2.0.7",
        "ssr-window": "1.0.0"
      }
    },
    "wowjs": {
      "version": "1.1.3",
      "resolved": "https://registry.npmjs.org/wowjs/-/wowjs-1.1.3.tgz",
      "integrity": "sha1-RA/Bu0x+iWhA7keXIpaitZB1rL0=",
      "requires": {
        "animate.css": "3.6.1"
      }
    }
  }
}
